// !$*UTF8*$!
{
	archiveVersion = 1;
	classes = {
	};
	objectVersion = 77;
	objects = {

/* Begin PBXBuildFile section */
		2214C7052D9478A100D85275 /* leao_som.mp3 in Resources */ = {isa = PBXBuildFile; fileRef = 2214C7012D9478A100D85275 /* leao_som.mp3 */; };
		2214C7062D9478A100D85275 /* macaco_som.mp3 in Resources */ = {isa = PBXBuildFile; fileRef = 2214C7032D9478A100D85275 /* macaco_som.mp3 */; };
		2214C70A2D94866700D85275 /* elefante_som.mp3 in Resources */ = {isa = PBXBuildFile; fileRef = 2214C7092D94866700D85275 /* elefante_som.mp3 */; };
		2214C70C2D94867300D85275 /* zebra_som.mp3 in Resources */ = {isa = PBXBuildFile; fileRef = 2214C70B2D94867300D85275 /* zebra_som.mp3 */; };
		2214C7122D94868B00D85275 /* banana_som.mp3 in Resources */ = {isa = PBXBuildFile; fileRef = 2214C70E2D94868B00D85275 /* banana_som.mp3 */; };
		2214C7132D94868B00D85275 /* morango_som.mp3 in Resources */ = {isa = PBXBuildFile; fileRef = 2214C70F2D94868B00D85275 /* morango_som.mp3 */; };
		2214C7142D94868B00D85275 /* uva_som.mp3 in Resources */ = {isa = PBXBuildFile; fileRef = 2214C7102D94868B00D85275 /* uva_som.mp3 */; };
		2214C7152D94868B00D85275 /* abacaxi_som.mp3 in Resources */ = {isa = PBXBuildFile; fileRef = 2214C70D2D94868B00D85275 /* abacaxi_som.mp3 */; };
		2214C71B2D94878C00D85275 /* cadeira_som.mp3 in Resources */ = {isa = PBXBuildFile; fileRef = 2214C7162D94878C00D85275 /* cadeira_som.mp3 */; };
		2214C71C2D94878C00D85275 /* lapis_som.mp3 in Resources */ = {isa = PBXBuildFile; fileRef = 2214C7192D94878C00D85275 /* lapis_som.mp3 */; };
		2214C71D2D94878C00D85275 /* faca_som.mp3 in Resources */ = {isa = PBXBuildFile; fileRef = 2214C7172D94878C00D85275 /* faca_som.mp3 */; };
		2214C71E2D94878C00D85275 /* garfo_som.mp3 in Resources */ = {isa = PBXBuildFile; fileRef = 2214C7182D94878C00D85275 /* garfo_som.mp3 */; };
/* End PBXBuildFile section */

/* Begin PBXFileReference section */
		2214C7012D9478A100D85275 /* leao_som.mp3 */ = {isa = PBXFileReference; lastKnownFileType = audio.mp3; path = leao_som.mp3; sourceTree = "<group>"; };
		2214C7032D9478A100D85275 /* macaco_som.mp3 */ = {isa = PBXFileReference; lastKnownFileType = audio.mp3; path = macaco_som.mp3; sourceTree = "<group>"; };
		2214C7092D94866700D85275 /* elefante_som.mp3 */ = {isa = PBXFileReference; lastKnownFileType = audio.mp3; path = elefante_som.mp3; sourceTree = "<group>"; };
		2214C70B2D94867300D85275 /* zebra_som.mp3 */ = {isa = PBXFileReference; lastKnownFileType = audio.mp3; path = zebra_som.mp3; sourceTree = "<group>"; };
		2214C70D2D94868B00D85275 /* abacaxi_som.mp3 */ = {isa = PBXFileReference; lastKnownFileType = audio.mp3; path = abacaxi_som.mp3; sourceTree = "<group>"; };
		2214C70E2D94868B00D85275 /* banana_som.mp3 */ = {isa = PBXFileReference; lastKnownFileType = audio.mp3; path = banana_som.mp3; sourceTree = "<group>"; };
		2214C70F2D94868B00D85275 /* morango_som.mp3 */ = {isa = PBXFileReference; lastKnownFileType = audio.mp3; path = morango_som.mp3; sourceTree = "<group>"; };
		2214C7102D94868B00D85275 /* uva_som.mp3 */ = {isa = PBXFileReference; lastKnownFileType = audio.mp3; path = uva_som.mp3; sourceTree = "<group>"; };
		2214C7162D94878C00D85275 /* cadeira_som.mp3 */ = {isa = PBXFileReference; lastKnownFileType = audio.mp3; path = cadeira_som.mp3; sourceTree = "<group>"; };
		2214C7172D94878C00D85275 /* faca_som.mp3 */ = {isa = PBXFileReference; lastKnownFileType = audio.mp3; path = faca_som.mp3; sourceTree = "<group>"; };
		2214C7182D94878C00D85275 /* garfo_som.mp3 */ = {isa = PBXFileReference; lastKnownFileType = audio.mp3; path = garfo_som.mp3; sourceTree = "<group>"; };
		2214C7192D94878C00D85275 /* lapis_som.mp3 */ = {isa = PBXFileReference; lastKnownFileType = audio.mp3; path = lapis_som.mp3; sourceTree = "<group>"; };
		223EB8AE2D8C41DC00CBF9DC /* FalaDino.app */ = {isa = PBXFileReference; explicitFileType = wrapper.application; includeInIndex = 0; path = FalaDino.app; sourceTree = BUILT_PRODUCTS_DIR; };
/* End PBXFileReference section */

/* Begin PBXFileSystemSynchronizedRootGroup section */
		223EB8B02D8C41DC00CBF9DC /* FalaDino */ = {
			isa = PBXFileSystemSynchronizedRootGroup;
			path = FalaDino;
			sourceTree = "<group>";
		};
/* End PBXFileSystemSynchronizedRootGroup section */

/* Begin PBXFrameworksBuildPhase section */
		223EB8AB2D8C41DC00CBF9DC /* Frameworks */ = {
			isa = PBXFrameworksBuildPhase;
			buildActionMask = 2147483647;
			files = (
			);
			runOnlyForDeploymentPostprocessing = 0;
		};
/* End PBXFrameworksBuildPhase section */

/* Begin PBXGroup section */
		2214C7042D9478A100D85275 /* Animais som */ = {
			isa = PBXGroup;
			children = (
				2214C7012D9478A100D85275 /* leao_som.mp3 */,
				2214C7092D94866700D85275 /* elefante_som.mp3 */,
				2214C70B2D94867300D85275 /* zebra_som.mp3 */,
				2214C7032D9478A100D85275 /* macaco_som.mp3 */,
			);
			path = "Animais som";
			sourceTree = "<group>";
		};
		2214C7112D94868B00D85275 /* Frutas som */ = {
			isa = PBXGroup;
			children = (
				2214C70D2D94868B00D85275 /* abacaxi_som.mp3 */,
				2214C70E2D94868B00D85275 /* banana_som.mp3 */,
				2214C70F2D94868B00D85275 /* morango_som.mp3 */,
				2214C7102D94868B00D85275 /* uva_som.mp3 */,
			);
			path = "Frutas som";
			sourceTree = "<group>";
		};
		2214C71A2D94878C00D85275 /* Objetos som */ = {
			isa = PBXGroup;
			children = (
				2214C7162D94878C00D85275 /* cadeira_som.mp3 */,
				2214C7172D94878C00D85275 /* faca_som.mp3 */,
				2214C7182D94878C00D85275 /* garfo_som.mp3 */,
				2214C7192D94878C00D85275 /* lapis_som.mp3 */,
			);
			path = "Objetos som";
			sourceTree = "<group>";
		};
		223EB8A52D8C41DC00CBF9DC = {
			isa = PBXGroup;
			children = (
				2214C71A2D94878C00D85275 /* Objetos som */,
				2214C7112D94868B00D85275 /* Frutas som */,
				2214C7042D9478A100D85275 /* Animais som */,
				223EB8B02D8C41DC00CBF9DC /* FalaDino */,
				223EB8AF2D8C41DC00CBF9DC /* Products */,
			);
			sourceTree = "<group>";
		};
		223EB8AF2D8C41DC00CBF9DC /* Products */ = {
			isa = PBXGroup;
			children = (
				223EB8AE2D8C41DC00CBF9DC /* FalaDino.app */,
			);
			name = Products;
			sourceTree = "<group>";
		};
/* End PBXGroup section */

/* Begin PBXNativeTarget section */
		223EB8AD2D8C41DC00CBF9DC /* FalaDino */ = {
			isa = PBXNativeTarget;
			buildConfigurationList = 223EB8BC2D8C41DD00CBF9DC /* Build configuration list for PBXNativeTarget "FalaDino" */;
			buildPhases = (
				223EB8AA2D8C41DC00CBF9DC /* Sources */,
				223EB8AB2D8C41DC00CBF9DC /* Frameworks */,
				223EB8AC2D8C41DC00CBF9DC /* Resources */,
			);
			buildRules = (
			);
			dependencies = (
			);
			fileSystemSynchronizedGroups = (
				223EB8B02D8C41DC00CBF9DC /* FalaDino */,
			);
			name = FalaDino;
			packageProductDependencies = (
			);
			productName = FalaDino;
			productReference = 223EB8AE2D8C41DC00CBF9DC /* FalaDino.app */;
			productType = "com.apple.product-type.application";
		};
/* End PBXNativeTarget section */

/* Begin PBXProject section */
		223EB8A62D8C41DC00CBF9DC /* Project object */ = {
			isa = PBXProject;
			attributes = {
				BuildIndependentTargetsInParallel = 1;
				LastSwiftUpdateCheck = 1600;
				LastUpgradeCheck = 1600;
				TargetAttributes = {
					223EB8AD2D8C41DC00CBF9DC = {
						CreatedOnToolsVersion = 16.0;
					};
				};
			};
			buildConfigurationList = 223EB8A92D8C41DC00CBF9DC /* Build configuration list for PBXProject "FalaDino" */;
			developmentRegion = en;
			hasScannedForEncodings = 0;
			knownRegions = (
				en,
				Base,
			);
			mainGroup = 223EB8A52D8C41DC00CBF9DC;
			minimizedProjectReferenceProxies = 1;
			preferredProjectObjectVersion = 77;
			productRefGroup = 223EB8AF2D8C41DC00CBF9DC /* Products */;
			projectDirPath = "";
			projectRoot = "";
			targets = (
				223EB8AD2D8C41DC00CBF9DC /* FalaDino */,
			);
		};
/* End PBXProject section */

/* Begin PBXResourcesBuildPhase section */
		223EB8AC2D8C41DC00CBF9DC /* Resources */ = {
			isa = PBXResourcesBuildPhase;
			buildActionMask = 2147483647;
			files = (
				2214C70A2D94866700D85275 /* elefante_som.mp3 in Resources */,
				2214C71B2D94878C00D85275 /* cadeira_som.mp3 in Resources */,
				2214C71C2D94878C00D85275 /* lapis_som.mp3 in Resources */,
				2214C71D2D94878C00D85275 /* faca_som.mp3 in Resources */,
				2214C71E2D94878C00D85275 /* garfo_som.mp3 in Resources */,
				2214C70C2D94867300D85275 /* zebra_som.mp3 in Resources */,
				2214C7052D9478A100D85275 /* leao_som.mp3 in Resources */,
				2214C7062D9478A100D85275 /* macaco_som.mp3 in Resources */,
				2214C7122D94868B00D85275 /* banana_som.mp3 in Resources */,
				2214C7132D94868B00D85275 /* morango_som.mp3 in Resources */,
				2214C7142D94868B00D85275 /* uva_som.mp3 in Resources */,
				2214C7152D94868B00D85275 /* abacaxi_som.mp3 in Resources */,
			);
			runOnlyForDeploymentPostprocessing = 0;
		};
/* End PBXResourcesBuildPhase section */

/* Begin PBXSourcesBuildPhase section */
		223EB8AA2D8C41DC00CBF9DC /* Sources */ = {
			isa = PBXSourcesBuildPhase;
			buildActionMask = 2147483647;
			files = (
			);
			runOnlyForDeploymentPostprocessing = 0;
		};
/* End PBXSourcesBuildPhase section */

/* Begin XCBuildConfiguration section */
		223EB8BA2D8C41DD00CBF9DC /* Debug */ = {
			isa = XCBuildConfiguration;
			buildSettings = {
				ALWAYS_SEARCH_USER_PATHS = NO;
				ASSETCATALOG_COMPILER_GENERATE_SWIFT_ASSET_SYMBOL_EXTENSIONS = YES;
				CLANG_ANALYZER_NONNULL = YES;
				CLANG_ANALYZER_NUMBER_OBJECT_CONVERSION = YES_AGGRESSIVE;
				CLANG_CXX_LANGUAGE_STANDARD = "gnu++20";
				CLANG_ENABLE_MODULES = YES;
				CLANG_ENABLE_OBJC_ARC = YES;
				CLANG_ENABLE_OBJC_WEAK = YES;
				CLANG_WARN_BLOCK_CAPTURE_AUTORELEASING = YES;
				CLANG_WARN_BOOL_CONVERSION = YES;
				CLANG_WARN_COMMA = YES;
				CLANG_WARN_CONSTANT_CONVERSION = YES;
				CLANG_WARN_DEPRECATED_OBJC_IMPLEMENTATIONS = YES;
				CLANG_WARN_DIRECT_OBJC_ISA_USAGE = YES_ERROR;
				CLANG_WARN_DOCUMENTATION_COMMENTS = YES;
				CLANG_WARN_EMPTY_BODY = YES;
				CLANG_WARN_ENUM_CONVERSION = YES;
				CLANG_WARN_INFINITE_RECURSION = YES;
				CLANG_WARN_INT_CONVERSION = YES;
				CLANG_WARN_NON_LITERAL_NULL_CONVERSION = YES;
				CLANG_WARN_OBJC_IMPLICIT_RETAIN_SELF = YES;
				CLANG_WARN_OBJC_LITERAL_CONVERSION = YES;
				CLANG_WARN_OBJC_ROOT_CLASS = YES_ERROR;
				CLANG_WARN_QUOTED_INCLUDE_IN_FRAMEWORK_HEADER = YES;
				CLANG_WARN_RANGE_LOOP_ANALYSIS = YES;
				CLANG_WARN_STRICT_PROTOTYPES = YES;
				CLANG_WARN_SUSPICIOUS_MOVE = YES;
				CLANG_WARN_UNGUARDED_AVAILABILITY = YES_AGGRESSIVE;
				CLANG_WARN_UNREACHABLE_CODE = YES;
				CLANG_WARN__DUPLICATE_METHOD_MATCH = YES;
				COPY_PHASE_STRIP = NO;
				DEBUG_INFORMATION_FORMAT = dwarf;
				ENABLE_STRICT_OBJC_MSGSEND = YES;
				ENABLE_TESTABILITY = YES;
				ENABLE_USER_SCRIPT_SANDBOXING = YES;
				GCC_C_LANGUAGE_STANDARD = gnu17;
				GCC_DYNAMIC_NO_PIC = NO;
				GCC_NO_COMMON_BLOCKS = YES;
				GCC_OPTIMIZATION_LEVEL = 0;
				GCC_PREPROCESSOR_DEFINITIONS = (
					"DEBUG=1",
					"$(inherited)",
				);
				GCC_WARN_64_TO_32_BIT_CONVERSION = YES;
				GCC_WARN_ABOUT_RETURN_TYPE = YES_ERROR;
				GCC_WARN_UNDECLARED_SELECTOR = YES;
				GCC_WARN_UNINITIALIZED_AUTOS = YES_AGGRESSIVE;
				GCC_WARN_UNUSED_FUNCTION = YES;
				GCC_WARN_UNUSED_VARIABLE = YES;
				IPHONEOS_DEPLOYMENT_TARGET = 18.0;
				LOCALIZATION_PREFERS_STRING_CATALOGS = YES;
				MTL_ENABLE_DEBUG_INFO = INCLUDE_SOURCE;
				MTL_FAST_MATH = YES;
				ONLY_ACTIVE_ARCH = YES;
				SDKROOT = iphoneos;
				SWIFT_ACTIVE_COMPILATION_CONDITIONS = "DEBUG $(inherited)";
				SWIFT_OPTIMIZATION_LEVEL = "-Onone";
			};
			name = Debug;
		};
		223EB8BB2D8C41DD00CBF9DC /* Release */ = {
			isa = XCBuildConfiguration;
			buildSettings = {
				ALWAYS_SEARCH_USER_PATHS = NO;
				ASSETCATALOG_COMPILER_GENERATE_SWIFT_ASSET_SYMBOL_EXTENSIONS = YES;
				CLANG_ANALYZER_NONNULL = YES;
				CLANG_ANALYZER_NUMBER_OBJECT_CONVERSION = YES_AGGRESSIVE;
				CLANG_CXX_LANGUAGE_STANDARD = "gnu++20";
				CLANG_ENABLE_MODULES = YES;
				CLANG_ENABLE_OBJC_ARC = YES;
				CLANG_ENABLE_OBJC_WEAK = YES;
				CLANG_WARN_BLOCK_CAPTURE_AUTORELEASING = YES;
				CLANG_WARN_BOOL_CONVERSION = YES;
				CLANG_WARN_COMMA = YES;
				CLANG_WARN_CONSTANT_CONVERSION = YES;
				CLANG_WARN_DEPRECATED_OBJC_IMPLEMENTATIONS = YES;
				CLANG_WARN_DIRECT_OBJC_ISA_USAGE = YES_ERROR;
				CLANG_WARN_DOCUMENTATION_COMMENTS = YES;
				CLANG_WARN_EMPTY_BODY = YES;
				CLANG_WARN_ENUM_CONVERSION = YES;
				CLANG_WARN_INFINITE_RECURSION = YES;
				CLANG_WARN_INT_CONVERSION = YES;
				CLANG_WARN_NON_LITERAL_NULL_CONVERSION = YES;
				CLANG_WARN_OBJC_IMPLICIT_RETAIN_SELF = YES;
				CLANG_WARN_OBJC_LITERAL_CONVERSION = YES;
				CLANG_WARN_OBJC_ROOT_CLASS = YES_ERROR;
				CLANG_WARN_QUOTED_INCLUDE_IN_FRAMEWORK_HEADER = YES;
				CLANG_WARN_RANGE_LOOP_ANALYSIS = YES;
				CLANG_WARN_STRICT_PROTOTYPES = YES;
				CLANG_WARN_SUSPICIOUS_MOVE = YES;
				CLANG_WARN_UNGUARDED_AVAILABILITY = YES_AGGRESSIVE;
				CLANG_WARN_UNREACHABLE_CODE = YES;
				CLANG_WARN__DUPLICATE_METHOD_MATCH = YES;
				COPY_PHASE_STRIP = NO;
				DEBUG_INFORMATION_FORMAT = "dwarf-with-dsym";
				ENABLE_NS_ASSERTIONS = NO;
				ENABLE_STRICT_OBJC_MSGSEND = YES;
				ENABLE_USER_SCRIPT_SANDBOXING = YES;
				GCC_C_LANGUAGE_STANDARD = gnu17;
				GCC_NO_COMMON_BLOCKS = YES;
				GCC_WARN_64_TO_32_BIT_CONVERSION = YES;
				GCC_WARN_ABOUT_RETURN_TYPE = YES_ERROR;
				GCC_WARN_UNDECLARED_SELECTOR = YES;
				GCC_WARN_UNINITIALIZED_AUTOS = YES_AGGRESSIVE;
				GCC_WARN_UNUSED_FUNCTION = YES;
				GCC_WARN_UNUSED_VARIABLE = YES;
				IPHONEOS_DEPLOYMENT_TARGET = 18.0;
				LOCALIZATION_PREFERS_STRING_CATALOGS = YES;
				MTL_ENABLE_DEBUG_INFO = NO;
				MTL_FAST_MATH = YES;
				SDKROOT = iphoneos;
				SWIFT_COMPILATION_MODE = wholemodule;
				VALIDATE_PRODUCT = YES;
			};
			name = Release;
		};
		223EB8BD2D8C41DD00CBF9DC /* Debug */ = {
			isa = XCBuildConfiguration;
			buildSettings = {
				ASSETCATALOG_COMPILER_APPICON_NAME = AppIcon;
				ASSETCATALOG_COMPILER_GLOBAL_ACCENT_COLOR_NAME = AccentColor;
				CODE_SIGN_STYLE = Automatic;
				CURRENT_PROJECT_VERSION = 1;
				DEVELOPMENT_ASSET_PATHS = "\"FalaDino/Preview Content\"";
				ENABLE_PREVIEWS = YES;
				GENERATE_INFOPLIST_FILE = YES;
				INFOPLIST_KEY_UIApplicationSceneManifest_Generation = YES;
				INFOPLIST_KEY_UIApplicationSupportsIndirectInputEvents = YES;
				INFOPLIST_KEY_UILaunchScreen_Generation = YES;
				INFOPLIST_KEY_UISupportedInterfaceOrientations_iPad = "UIInterfaceOrientationPortrait UIInterfaceOrientationPortraitUpsideDown UIInterfaceOrientationLandscapeLeft UIInterfaceOrientationLandscapeRight";
				INFOPLIST_KEY_UISupportedInterfaceOrientations_iPhone = "UIInterfaceOrientationPortrait UIInterfaceOrientationLandscapeLeft UIInterfaceOrientationLandscapeRight";
				LD_RUNPATH_SEARCH_PATHS = (
					"$(inherited)",
					"@executable_path/Frameworks",
				);
				MARKETING_VERSION = 1.0;
				PRODUCT_BUNDLE_IDENTIFIER = teste.FalaDino;
				PRODUCT_NAME = "$(TARGET_NAME)";
				SWIFT_EMIT_LOC_STRINGS = YES;
				SWIFT_VERSION = 5.0;
				TARGETED_DEVICE_FAMILY = "1,2";
			};
			name = Debug;
		};
		223EB8BE2D8C41DD00CBF9DC /* Release */ = {
			isa = XCBuildConfiguration;
			buildSettings = {
				ASSETCATALOG_COMPILER_APPICON_NAME = AppIcon;
				ASSETCATALOG_COMPILER_GLOBAL_ACCENT_COLOR_NAME = AccentColor;
				CODE_SIGN_STYLE = Automatic;
				CURRENT_PROJECT_VERSION = 1;
				DEVELOPMENT_ASSET_PATHS = "\"FalaDino/Preview Content\"";
				ENABLE_PREVIEWS = YES;
				GENERATE_INFOPLIST_FILE = YES;
				INFOPLIST_KEY_UIApplicationSceneManifest_Generation = YES;
				INFOPLIST_KEY_UIApplicationSupportsIndirectInputEvents = YES;
				INFOPLIST_KEY_UILaunchScreen_Generation = YES;
				INFOPLIST_KEY_UISupportedInterfaceOrientations_iPad = "UIInterfaceOrientationPortrait UIInterfaceOrientationPortraitUpsideDown UIInterfaceOrientationLandscapeLeft UIInterfaceOrientationLandscapeRight";
				INFOPLIST_KEY_UISupportedInterfaceOrientations_iPhone = "UIInterfaceOrientationPortrait UIInterfaceOrientationLandscapeLeft UIInterfaceOrientationLandscapeRight";
				LD_RUNPATH_SEARCH_PATHS = (
					"$(inherited)",
					"@executable_path/Frameworks",
				);
				MARKETING_VERSION = 1.0;
				PRODUCT_BUNDLE_IDENTIFIER = teste.FalaDino;
				PRODUCT_NAME = "$(TARGET_NAME)";
				SWIFT_EMIT_LOC_STRINGS = YES;
				SWIFT_VERSION = 5.0;
				TARGETED_DEVICE_FAMILY = "1,2";
			};
			name = Release;
		};
/* End XCBuildConfiguration section */

/* Begin XCConfigurationList section */
		223EB8A92D8C41DC00CBF9DC /* Build configuration list for PBXProject "FalaDino" */ = {
			isa = XCConfigurationList;
			buildConfigurations = (
				223EB8BA2D8C41DD00CBF9DC /* Debug */,
				223EB8BB2D8C41DD00CBF9DC /* Release */,
			);
			defaultConfigurationIsVisible = 0;
			defaultConfigurationName = Release;
		};
		223EB8BC2D8C41DD00CBF9DC /* Build configuration list for PBXNativeTarget "FalaDino" */ = {
			isa = XCConfigurationList;
			buildConfigurations = (
				223EB8BD2D8C41DD00CBF9DC /* Debug */,
				223EB8BE2D8C41DD00CBF9DC /* Release */,
			);
			defaultConfigurationIsVisible = 0;
			defaultConfigurationName = Release;
		};
/* End XCConfigurationList section */
	};
	rootObject = 223EB8A62D8C41DC00CBF9DC /* Project object */;
}
